<?xml version="1.0" encoding="utf-8"?>
<Project ToolsVersion="4.0" xmlns="http://schemas.microsoft.com/developer/msbuild/2003">
  <ItemGroup>
    <ClCompile Include="$(MSBuildThisFileDirectory)pch.cpp" />
    <ClCompile Include="$(MSBuildThisFileDirectory)Attributed.cpp">
      <Filter>Scripting Interface</Filter>
    </ClCompile>
    <ClCompile Include="$(MSBuildThisFileDirectory)Datum.cpp">
      <Filter>Scripting Interface</Filter>
    </ClCompile>
    <ClCompile Include="$(MSBuildThisFileDirectory)Scope.cpp">
      <Filter>Scripting Interface</Filter>
    </ClCompile>
    <ClCompile Include="$(MSBuildThisFileDirectory)DefaultHash.cpp">
      <Filter>Containers</Filter>
    </ClCompile>
    <ClCompile Include="$(MSBuildThisFileDirectory)XMLParseMaster.cpp">
      <Filter>XMLParser</Filter>
    </ClCompile>
    <ClCompile Include="$(MSBuildThisFileDirectory)SharedDataTable.cpp">
      <Filter>XMLParser</Filter>
    </ClCompile>
  </ItemGroup>
  <ItemGroup>
    <ClInclude Include="$(MSBuildThisFileDirectory)pch.h" />
    <ClInclude Include="$(MSBuildThisFileDirectory)Attributed.h">
      <Filter>Scripting Interface</Filter>
    </ClInclude>
    <ClInclude Include="$(MSBuildThisFileDirectory)Datum.h">
      <Filter>Scripting Interface</Filter>
    </ClInclude>
    <ClInclude Include="$(MSBuildThisFileDirectory)RTTI.h">
      <Filter>Scripting Interface</Filter>
    </ClInclude>
    <ClInclude Include="$(MSBuildThisFileDirectory)Scope.h">
      <Filter>Scripting Interface</Filter>
    </ClInclude>
    <ClInclude Include="$(MSBuildThisFileDirectory)DefaultHash.h">
      <Filter>Containers</Filter>
    </ClInclude>
    <ClInclude Include="$(MSBuildThisFileDirectory)HashMap.h">
      <Filter>Containers</Filter>
    </ClInclude>
    <ClInclude Include="$(MSBuildThisFileDirectory)SList.h">
      <Filter>Containers</Filter>
    </ClInclude>
    <ClInclude Include="$(MSBuildThisFileDirectory)Vector.h">
      <Filter>Containers</Filter>
    </ClInclude>
    <ClInclude Include="$(MSBuildThisFileDirectory)XMLParseHelper.h">
      <Filter>XMLParser</Filter>
    </ClInclude>
    <ClInclude Include="$(MSBuildThisFileDirectory)XMLParseMaster.h">
      <Filter>XMLParser</Filter>
    </ClInclude>
    <ClInclude Include="$(MSBuildThisFileDirectory)SharedDataTable.h">
      <Filter>XMLParser</Filter>
    </ClInclude>
    <ClInclude Include="$(MSBuildThisFileDirectory)XMLParseHelperInteger.h">
      <Filter>XMLParser\XMLParseHelpers</Filter>
    </ClInclude>
  </ItemGroup>
  <ItemGroup>
    <None Include="$(MSBuildThisFileDirectory)HashMap.inl">
      <Filter>Containers</Filter>
    </None>
    <None Include="$(MSBuildThisFileDirectory)DefaultHash.inl">
      <Filter>Containers</Filter>
    </None>
    <None Include="$(MSBuildThisFileDirectory)SList.inl">
      <Filter>Containers</Filter>
    </None>
    <None Include="$(MSBuildThisFileDirectory)SListIterator.inl">
      <Filter>Containers</Filter>
    </None>
    <None Include="$(MSBuildThisFileDirectory)Vector.inl">
      <Filter>Containers</Filter>
    </None>
    <None Include="$(MSBuildThisFileDirectory)Datum.inl">
      <Filter>Scripting Interface</Filter>
    </None>
  </ItemGroup>
  <ItemGroup>
    <Filter Include="Containers">
      <UniqueIdentifier>{add57087-ab13-4a11-b15e-7d02e4e5e638}</UniqueIdentifier>
    </Filter>
    <Filter Include="Scripting Interface">
      <UniqueIdentifier>{85d7d56d-e0a5-491c-a2e9-e2976567d7e1}</UniqueIdentifier>
    </Filter>
    <Filter Include="XMLParser">
      <UniqueIdentifier>{fa55f96b-2be3-4b3a-b69d-24e91987c65a}</UniqueIdentifier>
    </Filter>
    <Filter Include="XMLParser\XMLParseHelpers">
      <UniqueIdentifier>{d45253cb-290d-412c-afc4-4396b79d31c4}</UniqueIdentifier>
    </Filter>
  </ItemGroup>
</Project>