<?xml version="1.0" encoding="utf-8"?>
<Project ToolsVersion="4.0" xmlns="http://schemas.microsoft.com/developer/msbuild/2003">
  <ItemGroup>
    <ClCompile Include="$(MSBuildThisFileDirectory)pch.cpp" />
    <ClCompile Include="$(MSBuildThisFileDirectory)Attributed.cpp">
      <Filter>Scripting Interface</Filter>
    </ClCompile>
    <ClCompile Include="$(MSBuildThisFileDirectory)Datum.cpp">
      <Filter>Scripting Interface</Filter>
    </ClCompile>
    <ClCompile Include="$(MSBuildThisFileDirectory)Scope.cpp">
      <Filter>Scripting Interface</Filter>
    </ClCompile>
    <ClCompile Include="$(MSBuildThisFileDirectory)DefaultHash.cpp">
      <Filter>Containers</Filter>
    </ClCompile>
    <ClCompile Include="$(MSBuildThisFileDirectory)XMLParseMaster.cpp">
      <Filter>XMLParser</Filter>
    </ClCompile>
    <ClCompile Include="$(MSBuildThisFileDirectory)SharedDataTable.cpp">
      <Filter>XMLParser</Filter>
    </ClCompile>
    <ClCompile Include="$(MSBuildThisFileDirectory)XMLParseHelperScope.cpp">
      <Filter>XMLParser\XMLParseHelpers</Filter>
    </ClCompile>
    <ClCompile Include="$(MSBuildThisFileDirectory)XMLParseHelperDatum.cpp">
      <Filter>XMLParser\XMLParseHelpers</Filter>
    </ClCompile>
    <ClCompile Include="$(MSBuildThisFileDirectory)GameClock.cpp">
      <Filter>Game Time</Filter>
    </ClCompile>
    <ClCompile Include="$(MSBuildThisFileDirectory)GameTime.cpp">
      <Filter>Game Time</Filter>
    </ClCompile>
    <ClCompile Include="$(MSBuildThisFileDirectory)Sector.cpp">
      <Filter>Scripting Interface\Game Objects</Filter>
    </ClCompile>
    <ClCompile Include="$(MSBuildThisFileDirectory)World.cpp">
      <Filter>Scripting Interface\Game Objects</Filter>
    </ClCompile>
    <ClCompile Include="$(MSBuildThisFileDirectory)Entity.cpp">
      <Filter>Scripting Interface\Game Objects</Filter>
    </ClCompile>
    <ClCompile Include="$(MSBuildThisFileDirectory)WorldState.cpp">
      <Filter>Scripting Interface\Game Objects</Filter>
    </ClCompile>
    <ClCompile Include="$(MSBuildThisFileDirectory)Action.cpp">
      <Filter>Scripting Interface\Actions</Filter>
    </ClCompile>
    <ClCompile Include="$(MSBuildThisFileDirectory)ActionList.cpp">
      <Filter>Scripting Interface\Actions</Filter>
    </ClCompile>
    <ClCompile Include="$(MSBuildThisFileDirectory)ActionCreateAction.cpp">
      <Filter>Scripting Interface\Actions</Filter>
    </ClCompile>
    <ClCompile Include="$(MSBuildThisFileDirectory)ActionDestroyAction.cpp">
      <Filter>Scripting Interface\Actions</Filter>
    </ClCompile>
    <ClCompile Include="$(MSBuildThisFileDirectory)ActionListIf.cpp">
      <Filter>Scripting Interface\Actions</Filter>
    </ClCompile>
    <ClCompile Include="$(MSBuildThisFileDirectory)ActionSetString.cpp">
      <Filter>Scripting Interface\Actions</Filter>
    </ClCompile>
    <ClCompile Include="$(MSBuildThisFileDirectory)EventPublisher.cpp">
      <Filter>Scripting Interface\Events</Filter>
    </ClCompile>
    <ClCompile Include="$(MSBuildThisFileDirectory)EventQueue.cpp">
      <Filter>Scripting Interface\Events</Filter>
    </ClCompile>
    <ClCompile Include="$(MSBuildThisFileDirectory)ReactionAttributed.cpp">
      <Filter>Scripting Interface\Reaction</Filter>
    </ClCompile>
    <ClCompile Include="$(MSBuildThisFileDirectory)ActionEvent.cpp">
      <Filter>Scripting Interface\Actions</Filter>
    </ClCompile>
    <ClCompile Include="$(MSBuildThisFileDirectory)Reaction.cpp">
      <Filter>Scripting Interface\Reaction</Filter>
    </ClCompile>
    <ClCompile Include="$(MSBuildThisFileDirectory)AttributedMessage.cpp">
      <Filter>Scripting Interface\Reaction</Filter>
    </ClCompile>
    <ClCompile Include="$(MSBuildThisFileDirectory)XMLParseHelperAction.cpp">
      <Filter>XMLParser\XMLParseHelpers</Filter>
    </ClCompile>
  </ItemGroup>
  <ItemGroup>
    <ClInclude Include="$(MSBuildThisFileDirectory)pch.h" />
    <ClInclude Include="$(MSBuildThisFileDirectory)Attributed.h">
      <Filter>Scripting Interface</Filter>
    </ClInclude>
    <ClInclude Include="$(MSBuildThisFileDirectory)Datum.h">
      <Filter>Scripting Interface</Filter>
    </ClInclude>
    <ClInclude Include="$(MSBuildThisFileDirectory)RTTI.h">
      <Filter>Scripting Interface</Filter>
    </ClInclude>
    <ClInclude Include="$(MSBuildThisFileDirectory)Scope.h">
      <Filter>Scripting Interface</Filter>
    </ClInclude>
    <ClInclude Include="$(MSBuildThisFileDirectory)DefaultHash.h">
      <Filter>Containers</Filter>
    </ClInclude>
    <ClInclude Include="$(MSBuildThisFileDirectory)HashMap.h">
      <Filter>Containers</Filter>
    </ClInclude>
    <ClInclude Include="$(MSBuildThisFileDirectory)SList.h">
      <Filter>Containers</Filter>
    </ClInclude>
    <ClInclude Include="$(MSBuildThisFileDirectory)Vector.h">
      <Filter>Containers</Filter>
    </ClInclude>
    <ClInclude Include="$(MSBuildThisFileDirectory)XMLParseHelper.h">
      <Filter>XMLParser</Filter>
    </ClInclude>
    <ClInclude Include="$(MSBuildThisFileDirectory)XMLParseMaster.h">
      <Filter>XMLParser</Filter>
    </ClInclude>
    <ClInclude Include="$(MSBuildThisFileDirectory)SharedDataTable.h">
      <Filter>XMLParser</Filter>
    </ClInclude>
    <ClInclude Include="$(MSBuildThisFileDirectory)XMLParseHelperScope.h">
      <Filter>XMLParser\XMLParseHelpers</Filter>
    </ClInclude>
    <ClInclude Include="$(MSBuildThisFileDirectory)XMLParseHelperDatum.h">
      <Filter>XMLParser\XMLParseHelpers</Filter>
    </ClInclude>
    <ClInclude Include="$(MSBuildThisFileDirectory)Factory.h">
      <Filter>Scripting Interface\Factory</Filter>
    </ClInclude>
    <ClInclude Include="$(MSBuildThisFileDirectory)GameClock.h">
      <Filter>Game Time</Filter>
    </ClInclude>
    <ClInclude Include="$(MSBuildThisFileDirectory)GameTime.h">
      <Filter>Game Time</Filter>
    </ClInclude>
    <ClInclude Include="$(MSBuildThisFileDirectory)Entity.h">
      <Filter>Scripting Interface\Game Objects</Filter>
    </ClInclude>
    <ClInclude Include="$(MSBuildThisFileDirectory)Sector.h">
      <Filter>Scripting Interface\Game Objects</Filter>
    </ClInclude>
    <ClInclude Include="$(MSBuildThisFileDirectory)World.h">
      <Filter>Scripting Interface\Game Objects</Filter>
    </ClInclude>
    <ClInclude Include="$(MSBuildThisFileDirectory)WorldState.h">
      <Filter>Scripting Interface\Game Objects</Filter>
    </ClInclude>
    <ClInclude Include="$(MSBuildThisFileDirectory)Action.h">
      <Filter>Scripting Interface\Actions</Filter>
    </ClInclude>
    <ClInclude Include="$(MSBuildThisFileDirectory)ActionList.h">
      <Filter>Scripting Interface\Actions</Filter>
    </ClInclude>
    <ClInclude Include="$(MSBuildThisFileDirectory)ActionCreateAction.h">
      <Filter>Scripting Interface\Actions</Filter>
    </ClInclude>
    <ClInclude Include="$(MSBuildThisFileDirectory)ActionDestroyAction.h">
      <Filter>Scripting Interface\Actions</Filter>
    </ClInclude>
    <ClInclude Include="$(MSBuildThisFileDirectory)ActionListIf.h">
      <Filter>Scripting Interface\Actions</Filter>
    </ClInclude>
    <ClInclude Include="$(MSBuildThisFileDirectory)ActionSetString.h">
      <Filter>Scripting Interface\Actions</Filter>
    </ClInclude>
    <ClInclude Include="$(MSBuildThisFileDirectory)EventSubscriber.h">
      <Filter>Scripting Interface\Events</Filter>
    </ClInclude>
    <ClInclude Include="$(MSBuildThisFileDirectory)EventPublisher.h">
      <Filter>Scripting Interface\Events</Filter>
    </ClInclude>
    <ClInclude Include="$(MSBuildThisFileDirectory)Event.h">
      <Filter>Scripting Interface\Events</Filter>
    </ClInclude>
    <ClInclude Include="$(MSBuildThisFileDirectory)EventQueue.h">
      <Filter>Scripting Interface\Events</Filter>
    </ClInclude>
    <ClInclude Include="$(MSBuildThisFileDirectory)Reaction.h">
      <Filter>Scripting Interface\Reaction</Filter>
    </ClInclude>
    <ClInclude Include="$(MSBuildThisFileDirectory)ReactionAttributed.h">
      <Filter>Scripting Interface\Reaction</Filter>
    </ClInclude>
    <ClInclude Include="$(MSBuildThisFileDirectory)ActionEvent.h">
      <Filter>Scripting Interface\Actions</Filter>
    </ClInclude>
    <ClInclude Include="$(MSBuildThisFileDirectory)AttributedMessage.h">
      <Filter>Scripting Interface\Reaction</Filter>
    </ClInclude>
    <ClInclude Include="$(MSBuildThisFileDirectory)XMLParseHelperAction.h">
      <Filter>XMLParser\XMLParseHelpers</Filter>
    </ClInclude>
  </ItemGroup>
  <ItemGroup>
    <None Include="$(MSBuildThisFileDirectory)HashMap.inl">
      <Filter>Containers</Filter>
    </None>
    <None Include="$(MSBuildThisFileDirectory)DefaultHash.inl">
      <Filter>Containers</Filter>
    </None>
    <None Include="$(MSBuildThisFileDirectory)SList.inl">
      <Filter>Containers</Filter>
    </None>
    <None Include="$(MSBuildThisFileDirectory)SListIterator.inl">
      <Filter>Containers</Filter>
    </None>
    <None Include="$(MSBuildThisFileDirectory)Vector.inl">
      <Filter>Containers</Filter>
    </None>
    <None Include="$(MSBuildThisFileDirectory)Datum.inl">
      <Filter>Scripting Interface</Filter>
    </None>
    <None Include="$(MSBuildThisFileDirectory)Factory.inl">
      <Filter>Scripting Interface\Factory</Filter>
    </None>
    <None Include="$(MSBuildThisFileDirectory)Event.inl">
      <Filter>Scripting Interface\Events</Filter>
    </None>
  </ItemGroup>
  <ItemGroup>
    <Filter Include="Containers">
      <UniqueIdentifier>{add57087-ab13-4a11-b15e-7d02e4e5e638}</UniqueIdentifier>
    </Filter>
    <Filter Include="Scripting Interface">
      <UniqueIdentifier>{85d7d56d-e0a5-491c-a2e9-e2976567d7e1}</UniqueIdentifier>
    </Filter>
    <Filter Include="XMLParser">
      <UniqueIdentifier>{fa55f96b-2be3-4b3a-b69d-24e91987c65a}</UniqueIdentifier>
    </Filter>
    <Filter Include="XMLParser\XMLParseHelpers">
      <UniqueIdentifier>{d45253cb-290d-412c-afc4-4396b79d31c4}</UniqueIdentifier>
    </Filter>
    <Filter Include="Game Time">
      <UniqueIdentifier>{6492c281-4a0a-4c3a-9e91-505d6cf9c78c}</UniqueIdentifier>
    </Filter>
    <Filter Include="Scripting Interface\Game Objects">
      <UniqueIdentifier>{93fc9b29-5da4-40c7-b5b5-864c6b25927f}</UniqueIdentifier>
    </Filter>
    <Filter Include="Scripting Interface\Factory">
      <UniqueIdentifier>{034a89a8-8177-4561-9a6f-4e634e93ced4}</UniqueIdentifier>
    </Filter>
    <Filter Include="Scripting Interface\Actions">
      <UniqueIdentifier>{18d35e6a-3bec-4d8e-93de-a792ddd68277}</UniqueIdentifier>
    </Filter>
    <Filter Include="Scripting Interface\Events">
      <UniqueIdentifier>{35d8379d-af3d-4c58-a1cd-8e55382c94ab}</UniqueIdentifier>
    </Filter>
    <Filter Include="Scripting Interface\Reaction">
      <UniqueIdentifier>{f5c4dd17-3a51-4cb0-887c-f5da69843dd4}</UniqueIdentifier>
    </Filter>
  </ItemGroup>
</Project>