<?xml version="1.0" encoding="utf-8"?>
<Project ToolsVersion="4.0" xmlns="http://schemas.microsoft.com/developer/msbuild/2003">
  <ItemGroup>
    <Filter Include="Supporting Classes">
      <UniqueIdentifier>{76b34f73-9bf5-4577-b0cf-fd19c7455f99}</UniqueIdentifier>
    </Filter>
    <Filter Include="Test Classes">
      <UniqueIdentifier>{4FC737F1-C7A5-4376-A066-2A32D752A2FF}</UniqueIdentifier>
      <Extensions>cpp;c;cc;cxx;def;odl;idl;hpj;bat;asm;asmx</Extensions>
    </Filter>
    <Filter Include="Test Classes\Container Tests">
      <UniqueIdentifier>{c392ded7-d006-4810-ba5a-e055dcaad0e2}</UniqueIdentifier>
    </Filter>
    <Filter Include="Test Classes\Data Classes Tests">
      <UniqueIdentifier>{519e356b-a3ed-4acb-b978-6ec6e6d7bb24}</UniqueIdentifier>
    </Filter>
  </ItemGroup>
  <ItemGroup>
    <ClCompile Include="Foo.cpp">
      <Filter>Supporting Classes</Filter>
    </ClCompile>
    <ClCompile Include="pch.cpp">
      <Filter>Test Classes</Filter>
    </ClCompile>
    <ClCompile Include="FooDefaultHash.cpp">
      <Filter>Supporting Classes</Filter>
    </ClCompile>
    <ClCompile Include="DatumTest.cpp">
      <Filter>Test Classes\Data Classes Tests</Filter>
    </ClCompile>
    <ClCompile Include="AttributedTests.cpp">
      <Filter>Test Classes\Data Classes Tests</Filter>
    </ClCompile>
    <ClCompile Include="ScopeTest.cpp">
      <Filter>Test Classes\Data Classes Tests</Filter>
    </ClCompile>
    <ClCompile Include="HashMapIteratorTest.cpp">
      <Filter>Test Classes\Container Tests</Filter>
    </ClCompile>
    <ClCompile Include="HashMapTest.cpp">
      <Filter>Test Classes\Container Tests</Filter>
    </ClCompile>
    <ClCompile Include="SListIteratorTest.cpp">
      <Filter>Test Classes\Container Tests</Filter>
    </ClCompile>
    <ClCompile Include="SListTest.cpp">
      <Filter>Test Classes\Container Tests</Filter>
    </ClCompile>
    <ClCompile Include="VectorIteratorTest.cpp">
      <Filter>Test Classes\Container Tests</Filter>
    </ClCompile>
    <ClCompile Include="VectorTest.cpp">
      <Filter>Test Classes\Container Tests</Filter>
    </ClCompile>
    <ClCompile Include="AttributedFoo.cpp">
      <Filter>Supporting Classes</Filter>
    </ClCompile>
  </ItemGroup>
  <ItemGroup>
    <ClInclude Include="Foo.h">
      <Filter>Supporting Classes</Filter>
    </ClInclude>
    <ClInclude Include="FooDefaultHash.h">
      <Filter>Supporting Classes</Filter>
    </ClInclude>
    <ClInclude Include="pch.h">
      <Filter>Supporting Classes</Filter>
    </ClInclude>
    <ClInclude Include="TestMacros.h">
      <Filter>Supporting Classes</Filter>
    </ClInclude>
    <ClInclude Include="ToStringFunctions.h">
      <Filter>Supporting Classes</Filter>
    </ClInclude>
    <ClInclude Include="AttributedFoo.h">
      <Filter>Supporting Classes</Filter>
    </ClInclude>
  </ItemGroup>
</Project>