<?xml version="1.0" encoding="utf-8"?>
<Project ToolsVersion="4.0" xmlns="http://schemas.microsoft.com/developer/msbuild/2003">
  <ItemGroup>
    <Filter Include="Supporting Classes">
      <UniqueIdentifier>{76b34f73-9bf5-4577-b0cf-fd19c7455f99}</UniqueIdentifier>
    </Filter>
    <Filter Include="Test Classes">
      <UniqueIdentifier>{4FC737F1-C7A5-4376-A066-2A32D752A2FF}</UniqueIdentifier>
      <Extensions>cpp;c;cc;cxx;def;odl;idl;hpj;bat;asm;asmx</Extensions>
    </Filter>
    <Filter Include="Test Classes\Container Tests">
      <UniqueIdentifier>{c392ded7-d006-4810-ba5a-e055dcaad0e2}</UniqueIdentifier>
    </Filter>
    <Filter Include="Test Classes\XMLParser">
      <UniqueIdentifier>{2e25142d-0e8e-469d-b3eb-67796e315f63}</UniqueIdentifier>
    </Filter>
    <Filter Include="Test Classes\Schema Tests">
      <UniqueIdentifier>{519e356b-a3ed-4acb-b978-6ec6e6d7bb24}</UniqueIdentifier>
    </Filter>
    <Filter Include="Test Classes\Factory">
      <UniqueIdentifier>{411dd355-0d7b-42e2-b0ad-bc92702f0895}</UniqueIdentifier>
    </Filter>
    <Filter Include="Supporting Classes\Factory">
      <UniqueIdentifier>{b10fa231-a2fb-4028-9b75-6de108f9b7a4}</UniqueIdentifier>
    </Filter>
    <Filter Include="Supporting Classes\XMLParseMaster">
      <UniqueIdentifier>{fcc568ba-5581-456e-b9c5-103a5530a512}</UniqueIdentifier>
    </Filter>
    <Filter Include="Supporting Classes\HashMap">
      <UniqueIdentifier>{d3c7f839-3374-429f-bac9-acd1e934777a}</UniqueIdentifier>
    </Filter>
    <Filter Include="Test Classes\Game Objects">
      <UniqueIdentifier>{b677f444-9ebf-471d-b96b-97d93929a2ef}</UniqueIdentifier>
    </Filter>
    <Filter Include="Supporting Classes\EntityDerived">
      <UniqueIdentifier>{b4c0ae82-7ab5-4647-a79b-2774830feca3}</UniqueIdentifier>
    </Filter>
    <Filter Include="Supporting Classes\AttributedDerived">
      <UniqueIdentifier>{43890c5d-d6fc-4855-a336-d1e6698fc4d1}</UniqueIdentifier>
    </Filter>
    <Filter Include="Supporting Classes\ActionDerived">
      <UniqueIdentifier>{68aadd4f-6248-4377-9485-55a6ff0a8712}</UniqueIdentifier>
    </Filter>
  </ItemGroup>
  <ItemGroup>
    <ClCompile Include="Foo.cpp">
      <Filter>Supporting Classes</Filter>
    </ClCompile>
    <ClCompile Include="DatumTest.cpp">
      <Filter>Test Classes\Schema Tests</Filter>
    </ClCompile>
    <ClCompile Include="AttributedTests.cpp">
      <Filter>Test Classes\Schema Tests</Filter>
    </ClCompile>
    <ClCompile Include="ScopeTest.cpp">
      <Filter>Test Classes\Schema Tests</Filter>
    </ClCompile>
    <ClCompile Include="HashMapIteratorTest.cpp">
      <Filter>Test Classes\Container Tests</Filter>
    </ClCompile>
    <ClCompile Include="HashMapTest.cpp">
      <Filter>Test Classes\Container Tests</Filter>
    </ClCompile>
    <ClCompile Include="SListIteratorTest.cpp">
      <Filter>Test Classes\Container Tests</Filter>
    </ClCompile>
    <ClCompile Include="SListTest.cpp">
      <Filter>Test Classes\Container Tests</Filter>
    </ClCompile>
    <ClCompile Include="VectorIteratorTest.cpp">
      <Filter>Test Classes\Container Tests</Filter>
    </ClCompile>
    <ClCompile Include="VectorTest.cpp">
      <Filter>Test Classes\Container Tests</Filter>
    </ClCompile>
    <ClCompile Include="XMLParseMasterTest.cpp">
      <Filter>Test Classes\XMLParser</Filter>
    </ClCompile>
    <ClCompile Include="pch.cpp" />
    <ClCompile Include="XMLTableParserTests.cpp">
      <Filter>Test Classes\XMLParser</Filter>
    </ClCompile>
    <ClCompile Include="FactoryTests.cpp">
      <Filter>Test Classes\Factory</Filter>
    </ClCompile>
    <ClCompile Include="FooProduct.cpp">
      <Filter>Supporting Classes\Factory</Filter>
    </ClCompile>
    <ClCompile Include="BarProduct.cpp">
      <Filter>Supporting Classes\Factory</Filter>
    </ClCompile>
    <ClCompile Include="AttributedBar.cpp">
      <Filter>Supporting Classes\AttributedDerived</Filter>
    </ClCompile>
    <ClCompile Include="AttributedFoo.cpp">
      <Filter>Supporting Classes\AttributedDerived</Filter>
    </ClCompile>
    <ClCompile Include="SharedDataCars.cpp">
      <Filter>Supporting Classes\XMLParseMaster</Filter>
    </ClCompile>
    <ClCompile Include="SharedDataMotorcycle.cpp">
      <Filter>Supporting Classes\XMLParseMaster</Filter>
    </ClCompile>
    <ClCompile Include="XMLParseHelperCars.cpp">
      <Filter>Supporting Classes\XMLParseMaster</Filter>
    </ClCompile>
    <ClCompile Include="XMLParseHelperMotorcycle.cpp">
      <Filter>Supporting Classes\XMLParseMaster</Filter>
    </ClCompile>
    <ClCompile Include="FooDefaultHash.cpp">
      <Filter>Supporting Classes\HashMap</Filter>
    </ClCompile>
    <ClCompile Include="EntityTest.cpp">
      <Filter>Test Classes\Game Objects</Filter>
    </ClCompile>
    <ClCompile Include="EntityFoo.cpp">
      <Filter>Supporting Classes\EntityDerived</Filter>
    </ClCompile>
    <ClCompile Include="ActionFoo.cpp">
      <Filter>Supporting Classes\ActionDerived</Filter>
    </ClCompile>
    <ClCompile Include="ActionTest.cpp">
      <Filter>Test Classes\Game Objects</Filter>
    </ClCompile>
    <ClCompile Include="ActionSetString.cpp">
      <Filter>Supporting Classes\ActionDerived</Filter>
    </ClCompile>
  </ItemGroup>
  <ItemGroup>
    <ClInclude Include="Foo.h">
      <Filter>Supporting Classes</Filter>
    </ClInclude>
    <ClInclude Include="TestMacros.h">
      <Filter>Supporting Classes</Filter>
    </ClInclude>
    <ClInclude Include="ToStringFunctions.h">
      <Filter>Supporting Classes</Filter>
    </ClInclude>
    <ClInclude Include="pch.h" />
    <ClInclude Include="FooProduct.h">
      <Filter>Supporting Classes\Factory</Filter>
    </ClInclude>
    <ClInclude Include="BarProduct.h">
      <Filter>Supporting Classes\Factory</Filter>
    </ClInclude>
    <ClInclude Include="AttributedBar.h">
      <Filter>Supporting Classes\AttributedDerived</Filter>
    </ClInclude>
    <ClInclude Include="AttributedFoo.h">
      <Filter>Supporting Classes\AttributedDerived</Filter>
    </ClInclude>
    <ClInclude Include="SharedDataMotorcycles.h">
      <Filter>Supporting Classes\XMLParseMaster</Filter>
    </ClInclude>
    <ClInclude Include="SharedDataCars.h">
      <Filter>Supporting Classes\XMLParseMaster</Filter>
    </ClInclude>
    <ClInclude Include="XMLParseHelperCars.h">
      <Filter>Supporting Classes\XMLParseMaster</Filter>
    </ClInclude>
    <ClInclude Include="XMLParseHelperMotorcycle.h">
      <Filter>Supporting Classes\XMLParseMaster</Filter>
    </ClInclude>
    <ClInclude Include="FooDefaultHash.h">
      <Filter>Supporting Classes\HashMap</Filter>
    </ClInclude>
    <ClInclude Include="EntityFoo.h">
      <Filter>Supporting Classes\EntityDerived</Filter>
    </ClInclude>
    <ClInclude Include="ActionFoo.h">
      <Filter>Supporting Classes\ActionDerived</Filter>
    </ClInclude>
    <ClInclude Include="ActionSetString.h">
      <Filter>Supporting Classes\ActionDerived</Filter>
    </ClInclude>
  </ItemGroup>
</Project>